
Microsoft Visual Studio Solution File, Format Version 12.00
# Visual Studio 15
VisualStudioVersion = 15.0.27428.2037
MinimumVisualStudioVersion = 10.0.40219.1
Project("{FAE04EC0-301F-11D3-BF4B-00C04F79EFBC}") = "AuthorizeSample.Web", "AuthorizeSample.Web\AuthorizeSample.Web.csproj", "{E76158D1-CF7B-4469-B340-A6D44BEC19A4}"
EndProject
Project("{FAE04EC0-301F-11D3-BF4B-00C04F79EFBC}") = "AuthorizeSample", "AuthorizeSample\AuthorizeSample.csproj", "{555504DB-C523-4330-B134-7F5355C82608}"
EndProject
Global
	GlobalSection(SolutionConfigurationPlatforms) = preSolution
		Debug|Any CPU = Debug|Any CPU
		Release|Any CPU = Release|Any CPU
	EndGlobalSection
	GlobalSection(ProjectConfigurationPlatforms) = postSolution
		{E76158D1-CF7B-4469-B340-A6D44BEC19A4}.Debug|Any CPU.ActiveCfg = Debug|Any CPU
		{E76158D1-CF7B-4469-B340-A6D44BEC19A4}.Debug|Any CPU.Build.0 = Debug|Any CPU
		{E76158D1-CF7B-4469-B340-A6D44BEC19A4}.Release|Any CPU.ActiveCfg = Release|Any CPU
		{E76158D1-CF7B-4469-B340-A6D44BEC19A4}.Release|Any CPU.Build.0 = Release|Any CPU
		{555504DB-C523-4330-B134-7F5355C82608}.Debug|Any CPU.ActiveCfg = Debug|Any CPU
		{555504DB-C523-4330-B134-7F5355C82608}.Debug|Any CPU.Build.0 = Debug|Any CPU
		{555504DB-C523-4330-B134-7F5355C82608}.Release|Any CPU.ActiveCfg = Release|Any CPU
		{555504DB-C523-4330-B134-7F5355C82608}.Release|Any CPU.Build.0 = Release|Any CPU
	EndGlobalSection
	GlobalSection(SolutionProperties) = preSolution
		HideSolutionNode = FALSE
	EndGlobalSection
	GlobalSection(ExtensibilityGlobals) = postSolution
		SolutionGuid = {3F0BEC3F-6537-44C6-AA51-E35B77DFF059}
	EndGlobalSection
EndGlobal
